
Microsoft Visual Studio Solution File, Format Version 12.00
# Visual Studio Version 16
VisualStudioVersion = 25.0.1706.8
MinimumVisualStudioVersion = 10.0.40219.1
Project("{FAE04EC0-301F-11D3-BF4B-00C04F79EFBC}") = "Mini project Week 7", "Mini project Week 7\Mini project Week 7.csproj", "{0415A709-9C67-4AC7-AA90-2699A6EF2DCC}"
EndProject
Global
	GlobalSection(SolutionConfigurationPlatforms) = preSolution
		Debug|Any CPU = Debug|Any CPU
		Release|Any CPU = Release|Any CPU
	EndGlobalSection
	GlobalSection(ProjectConfigurationPlatforms) = postSolution
		{0415A709-9C67-4AC7-AA90-2699A6EF2DCC}.Debug|Any CPU.ActiveCfg = Debug|Any CPU
		{0415A709-9C67-4AC7-AA90-2699A6EF2DCC}.Debug|Any CPU.Build.0 = Debug|Any CPU
		{0415A709-9C67-4AC7-AA90-2699A6EF2DCC}.Release|Any CPU.ActiveCfg = Release|Any CPU
		{0415A709-9C67-4AC7-AA90-2699A6EF2DCC}.Release|Any CPU.Build.0 = Release|Any CPU
	EndGlobalSection
	GlobalSection(SolutionProperties) = preSolution
		HideSolutionNode = FALSE
	EndGlobalSection
	GlobalSection(ExtensibilityGlobals) = postSolution
		SolutionGuid = {97082433-AFAD-428C-A13B-830FF08CA0C5}
	EndGlobalSection
EndGlobal
